{
  "name": "tyrian",
  "version": "9.0.0-beta1",
  "lockfileVersion": 1,
  "requires": true,
  "dependencies": {
    "@types/anymatch": {
      "version": "1.3.1",
      "resolved": "https://registry.npm.taobao.org/@types/anymatch/download/@types/anymatch-1.3.1.tgz",
      "integrity": "sha1-M2utwb7sudrMOL6izzKt9ieoQho="
    },
    "@types/filesize": {
      "version": "3.6.0",
      "resolved": "http://registry.npm.taobao.org/@types/filesize/download/@types/filesize-3.6.0.tgz",
      "integrity": "sha1-Xxolx7Tj1e4rxjEz03TQlrcAjI0="
    },
    "@types/node": {
      "version": "9.6.55",
      "resolved": "https://registry.npm.taobao.org/@types/node/download/@types/node-9.6.55.tgz?cache=0&sync_timestamp=1572988776161&other_urls=https%3A%2F%2Fregistry.npm.taobao.org%2F%40types%2Fnode%2Fdownload%2F%40types%2Fnode-9.6.55.tgz",
      "integrity": "sha1-fME1jJwY5x9sAg5BCWKXGGMjLPU="
    },
    "@types/object-path": {
      "version": "0.9.29",
      "resolved": "http://registry.npm.taobao.org/@types/object-path/download/@types/object-path-0.9.29.tgz",
      "integrity": "sha1-/Kl+74bo1489WtphGzAonsfMkOg="
    },
    "@types/source-list-map": {
      "version": "0.1.2",
      "resolved": "https://registry.npm.taobao.org/@types/source-list-map/download/@types/source-list-map-0.1.2.tgz",
      "integrity": "sha1-AHiDYGP/rxdBI0m7o2QIfgrALsk="
    },
    "@types/tapable": {
      "version": "1.0.5",
      "resolved": "https://registry.npm.taobao.org/@types/tapable/download/@types/tapable-1.0.5.tgz",
      "integrity": "sha1-mtvBKVBYKqZerXa//fOf4MJ6PAI="
    },
    "@types/uglify-js": {
      "version": "3.0.4",
      "resolved": "https://registry.npm.taobao.org/@types/uglify-js/download/@types/uglify-js-3.0.4.tgz",
      "integrity": "sha1-lr6uI99vVhhiqDC0KIpJ6GuqwII=",
      "requires": {
        "source-map": "^0.6.1"
      }
    },
    "@types/webpack": {
      "version": "4.41.7",
      "resolved": "https://registry.npm.taobao.org/@types/webpack/download/@types/webpack-4.41.7.tgz",
      "integrity": "sha1-Ir4n29Q2KwHDlUypsCHbyTKNlRE=",
      "requires": {
        "@types/anymatch": "*",
        "@types/node": "*",
        "@types/tapable": "*",
        "@types/uglify-js": "*",
        "@types/webpack-sources": "*",
        "source-map": "^0.6.0"
      }
    },
    "@types/webpack-sources": {
      "version": "0.1.6",
      "resolved": "https://registry.npm.taobao.org/@types/webpack-sources/download/@types/webpack-sources-0.1.6.tgz",
      "integrity": "sha1-PSHfwuwK0Md3WOeTYkJqm6fXy8s=",
      "requires": {
        "@types/node": "*",
        "@types/source-list-map": "*",
        "source-map": "^0.6.1"
      }
    },
    "@webassemblyjs/ast": {
      "version": "1.8.5",
      "resolved": "https://registry.npm.taobao.org/@webassemblyjs/ast/download/@webassemblyjs/ast-1.8.5.tgz?cache=0&other_urls=https%3A%2F%2Fregistry.npm.taobao.org%2F%40webassemblyjs%2Fast%2Fdownload%2F%40webassemblyjs%2Fast-1.8.5.tgz",
      "integrity": "sha1-UbHF/mV2o0lTv0slPfnw1JDZ41k=",
      "requires": {
        "@webassemblyjs/helper-module-context": "1.8.5",
        "@webassemblyjs/helper-wasm-bytecode": "1.8.5",
        "@webassemblyjs/wast-parser": "1.8.5"
      }
    },
    "@webassemblyjs/floating-point-hex-parser": {
      "version": "1.8.5",
      "resolved": "https://registry.npm.taobao.org/@webassemblyjs/floating-point-hex-parser/download/@webassemblyjs/floating-point-hex-parser-1.8.5.tgz?cache=0&other_urls=https%3A%2F%2Fregistry.npm.taobao.org%2F%40webassemblyjs%2Ffloating-point-hex-parser%2Fdownload%2F%40webassemblyjs%2Ffloating-point-hex-parser-1.8.5.tgz",
      "integrity": "sha1-G6kmopI2E+3OSW/VsC6M6KX0lyE="
    },
    "@webassemblyjs/helper-api-error": {
      "version": "1.8.5",
      "resolved": "https://registry.npm.taobao.org/@webassemblyjs/helper-api-error/download/@webassemblyjs/helper-api-error-1.8.5.tgz?cache=0&other_urls=https%3A%2F%2Fregistry.npm.taobao.org%2F%40webassemblyjs%2Fhelper-api-error%2Fdownload%2F%40webassemblyjs%2Fhelper-api-error-1.8.5.tgz",
      "integrity": "sha1-xJ2tIvZFInxe22EL25aX8aq3Ifc="
    },
    "@webassemblyjs/helper-buffer": {
      "version": "1.8.5",
      "resolved": "https://registry.npm.taobao.org/@webassemblyjs/helper-buffer/download/@webassemblyjs/helper-buffer-1.8.5.tgz?cache=0&other_urls=https%3A%2F%2Fregistry.npm.taobao.org%2F%40webassemblyjs%2Fhelper-buffer%2Fdownload%2F%40webassemblyjs%2Fhelper-buffer-1.8.5.tgz",
      "integrity": "sha1-/qk+Qphj3V5DOFVfQikjhaZT8gQ="
    },
    "@webassemblyjs/helper-code-frame": {
      "version": "1.8.5",
      "resolved": "https://registry.npm.taobao.org/@webassemblyjs/helper-code-frame/download/@webassemblyjs/helper-code-frame-1.8.5.tgz",
      "integrity": "sha1-mnQP9I4/qjAisd/1RCPfmqKTwl4=",
      "requires": {
        "@webassemblyjs/wast-printer": "1.8.5"
      }
    },
    "@webassemblyjs/helper-fsm": {
      "version": "1.8.5",
      "resolved": "https://registry.npm.taobao.org/@webassemblyjs/helper-fsm/download/@webassemblyjs/helper-fsm-1.8.5.tgz?cache=0&sync_timestamp=1580599471846&other_urls=https%3A%2F%2Fregistry.npm.taobao.org%2F%40webassemblyjs%2Fhelper-fsm%2Fdownload%2F%40webassemblyjs%2Fhelper-fsm-1.8.5.tgz",
      "integrity": "sha1-ugt9Oz9+RzPaYFnJMyJ12GBwJFI="
    },
    "@webassemblyjs/helper-module-context": {
      "version": "1.8.5",
      "resolved": "https://registry.npm.taobao.org/@webassemblyjs/helper-module-context/download/@webassemblyjs/helper-module-context-1.8.5.tgz?cache=0&sync_timestamp=1580599605432&other_urls=https%3A%2F%2Fregistry.npm.taobao.org%2F%40webassemblyjs%2Fhelper-module-context%2Fdownload%2F%40webassemblyjs%2Fhelper-module-context-1.8.5.tgz",
      "integrity": "sha1-3vS5knsBAdyMu9jR7bW3ucguskU=",
      "requires": {
        "@webassemblyjs/ast": "1.8.5",
        "mamacro": "^0.0.3"
      }
    },
    "@webassemblyjs/helper-wasm-bytecode": {
      "version": "1.8.5",
      "resolved": "https://registry.npm.taobao.org/@webassemblyjs/helper-wasm-bytecode/download/@webassemblyjs/helper-wasm-bytecode-1.8.5.tgz?cache=0&other_urls=https%3A%2F%2Fregistry.npm.taobao.org%2F%40webassemblyjs%2Fhelper-wasm-bytecode%2Fdownload%2F%40webassemblyjs%2Fhelper-wasm-bytecode-1.8.5.tgz",
      "integrity": "sha1-U3p1Dt31weky83RCBlUckcG5PmE="
    },
    "@webassemblyjs/helper-wasm-section": {
      "version": "1.8.5",
      "resolved": "https://registry.npm.taobao.org/@webassemblyjs/helper-wasm-section/download/@webassemblyjs/helper-wasm-section-1.8.5.tgz?cache=0&sync_timestamp=1580599464343&other_urls=https%3A%2F%2Fregistry.npm.taobao.org%2F%40webassemblyjs%2Fhelper-wasm-section%2Fdownload%2F%40webassemblyjs%2Fhelper-wasm-section-1.8.5.tgz",
      "integrity": "sha1-dMpqa8vhnlCjtrRihH5pUD5r/L8=",
      "requires": {
        "@webassemblyjs/ast": "1.8.5",
        "@webassemblyjs/helper-buffer": "1.8.5",
        "@webassemblyjs/helper-wasm-bytecode": "1.8.5",
        "@webassemblyjs/wasm-gen": "1.8.5"
      }
    },
    "@webassemblyjs/ieee754": {
      "version": "1.8.5",
      "resolved": "https://registry.npm.taobao.org/@webassemblyjs/ieee754/download/@webassemblyjs/ieee754-1.8.5.tgz?cache=0&other_urls=https%3A%2F%2Fregistry.npm.taobao.org%2F%40webassemblyjs%2Fieee754%2Fdownload%2F%40webassemblyjs%2Fieee754-1.8.5.tgz",
      "integrity": "sha1-cSMp2+8kDza/V70ve4+5v0FUQh4=",
      "requires": {
        "@xtuc/ieee754": "^1.2.0"
      }
    },
    "@webassemblyjs/leb128": {
      "version": "1.8.5",
      "resolved": "https://registry.npm.taobao.org/@webassemblyjs/leb128/download/@webassemblyjs/leb128-1.8.5.tgz?cache=0&other_urls=https%3A%2F%2Fregistry.npm.taobao.org%2F%40webassemblyjs%2Fleb128%2Fdownload%2F%40webassemblyjs%2Fleb128-1.8.5.tgz",
      "integrity": "sha1-BE7es06mefPgTNT9mCTV41dnrhA=",
      "requires": {
        "@xtuc/long": "4.2.2"
      }
    },
    "@webassemblyjs/utf8": {
      "version": "1.8.5",
      "resolved": "https://registry.npm.taobao.org/@webassemblyjs/utf8/download/@webassemblyjs/utf8-1.8.5.tgz?cache=0&other_urls=https%3A%2F%2Fregistry.npm.taobao.org%2F%40webassemblyjs%2Futf8%2Fdownload%2F%40webassemblyjs%2Futf8-1.8.5.tgz",
      "integrity": "sha1-qL87XY/+mGx8Hjc8y9wqCRXwztw="
    },
    "@webassemblyjs/wasm-edit": {
      "version": "1.8.5",
      "resolved": "https://registry.npm.taobao.org/@webassemblyjs/wasm-edit/download/@webassemblyjs/wasm-edit-1.8.5.tgz?cache=0&sync_timestamp=1580599461044&other_urls=https%3A%2F%2Fregistry.npm.taobao.org%2F%40webassemblyjs%2Fwasm-edit%2Fdownload%2F%40webassemblyjs%2Fwasm-edit-1.8.5.tgz",
      "integrity": "sha1-li2hKqWswcExyBxCMpkcgs5W4Bo=",
      "requires": {
        "@webassemblyjs/ast": "1.8.5",
        "@webassemblyjs/helper-buffer": "1.8.5",
        "@webassemblyjs/helper-wasm-bytecode": "1.8.5",
        "@webassemblyjs/helper-wasm-section": "1.8.5",
        "@webassemblyjs/wasm-gen": "1.8.5",
        "@webassemblyjs/wasm-opt": "1.8.5",
        "@webassemblyjs/wasm-parser": "1.8.5",
        "@webassemblyjs/wast-printer": "1.8.5"
      }
    },
    "@webassemblyjs/wasm-gen": {
      "version": "1.8.5",
      "resolved": "https://registry.npm.taobao.org/@webassemblyjs/wasm-gen/download/@webassemblyjs/wasm-gen-1.8.5.tgz?cache=0&sync_timestamp=1580600714947&other_urls=https%3A%2F%2Fregistry.npm.taobao.org%2F%40webassemblyjs%2Fwasm-gen%2Fdownload%2F%40webassemblyjs%2Fwasm-gen-1.8.5.tgz",
      "integrity": "sha1-VIQHZsLBAC62TtGr5yCt7XFPmLw=",
      "requires": {
        "@webassemblyjs/ast": "1.8.5",
        "@webassemblyjs/helper-wasm-bytecode": "1.8.5",
        "@webassemblyjs/ieee754": "1.8.5",
        "@webassemblyjs/leb128": "1.8.5",
        "@webassemblyjs/utf8": "1.8.5"
      }
    },
    "@webassemblyjs/wasm-opt": {
      "version": "1.8.5",
      "resolved": "https://registry.npm.taobao.org/@webassemblyjs/wasm-opt/download/@webassemblyjs/wasm-opt-1.8.5.tgz?cache=0&sync_timestamp=1580599636004&other_urls=https%3A%2F%2Fregistry.npm.taobao.org%2F%40webassemblyjs%2Fwasm-opt%2Fdownload%2F%40webassemblyjs%2Fwasm-opt-1.8.5.tgz",
      "integrity": "sha1-sk2fa6UDlK8TSfUQr6j/y4pj0mQ=",
      "requires": {
        "@webassemblyjs/ast": "1.8.5",
        "@webassemblyjs/helper-buffer": "1.8.5",
        "@webassemblyjs/wasm-gen": "1.8.5",
        "@webassemblyjs/wasm-parser": "1.8.5"
      }
    },
    "@webassemblyjs/wasm-parser": {
      "version": "1.8.5",
      "resolved": "https://registry.npm.taobao.org/@webassemblyjs/wasm-parser/download/@webassemblyjs/wasm-parser-1.8.5.tgz",
      "integrity": "sha1-IVdvDsiLkUJzV7hTY4NmjvfGa40=",
      "requires": {
        "@webassemblyjs/ast": "1.8.5",
        "@webassemblyjs/helper-api-error": "1.8.5",
        "@webassemblyjs/helper-wasm-bytecode": "1.8.5",
        "@webassemblyjs/ieee754": "1.8.5",
        "@webassemblyjs/leb128": "1.8.5",
        "@webassemblyjs/utf8": "1.8.5"
      }
    },
    "@webassemblyjs/wast-parser": {
      "version": "1.8.5",
      "resolved": "https://registry.npm.taobao.org/@webassemblyjs/wast-parser/download/@webassemblyjs/wast-parser-1.8.5.tgz?cache=0&other_urls=https%3A%2F%2Fregistry.npm.taobao.org%2F%40webassemblyjs%2Fwast-parser%2Fdownload%2F%40webassemblyjs%2Fwast-parser-1.8.5.tgz",
      "integrity": "sha1-4Q7s1ULQ5705T2gnxJ899tTu+4w=",
      "requires": {
        "@webassemblyjs/ast": "1.8.5",
        "@webassemblyjs/floating-point-hex-parser": "1.8.5",
        "@webassemblyjs/helper-api-error": "1.8.5",
        "@webassemblyjs/helper-code-frame": "1.8.5",
        "@webassemblyjs/helper-fsm": "1.8.5",
        "@xtuc/long": "4.2.2"
      }
    },
    "@webassemblyjs/wast-printer": {
      "version": "1.8.5",
      "resolved": "https://registry.npm.taobao.org/@webassemblyjs/wast-printer/download/@webassemblyjs/wast-printer-1.8.5.tgz?cache=0&sync_timestamp=1580600723640&other_urls=https%3A%2F%2Fregistry.npm.taobao.org%2F%40webassemblyjs%2Fwast-printer%2Fdownload%2F%40webassemblyjs%2Fwast-printer-1.8.5.tgz",
      "integrity": "sha1-EUu8SB/RDKDiOzVg+oEnSLC65bw=",
      "requires": {
        "@webassemblyjs/ast": "1.8.5",
        "@webassemblyjs/wast-parser": "1.8.5",
        "@xtuc/long": "4.2.2"
      }
    },
    "@xtuc/ieee754": {
      "version": "1.2.0",
      "resolved": "https://registry.npm.taobao.org/@xtuc/ieee754/download/@xtuc/ieee754-1.2.0.tgz",
      "integrity": "sha1-7vAUoxRa5Hehy8AM0eVSM23Ot5A="
    },
    "@xtuc/long": {
      "version": "4.2.2",
      "resolved": "https://registry.npm.taobao.org/@xtuc/long/download/@xtuc/long-4.2.2.tgz",
      "integrity": "sha1-0pHGpOl5ibXGHZrPOWrk/hM6cY0="
    },
    "acorn": {
      "version": "6.4.1",
      "resolved": "https://registry.npmjs.org/acorn/-/acorn-6.4.1.tgz",
      "integrity": "sha512-ZVA9k326Nwrj3Cj9jlh3wGFutC2ZornPNARZwsNYqQYgN0EsV2d53w5RN/co65Ohn4sUAUtb1rSUAOD6XN9idA=="
    },
    "ajv": {
      "version": "4.11.8",
      "resolved": "http://registry.npm.taobao.org/ajv/download/ajv-4.11.8.tgz",
      "integrity": "sha1-gv+wKynmYq5TvcIK8VlHcGc5xTY=",
      "optional": true,
      "requires": {
        "co": "^4.6.0",
        "json-stable-stringify": "^1.0.1"
      }
    },
    "ajv-errors": {
      "version": "1.0.0",
      "resolved": "http://registry.npm.taobao.org/ajv-errors/download/ajv-errors-1.0.0.tgz",
      "integrity": "sha1-7PAh+hCP0X37Xms4Py3SM+Mf/Fk="
    },
    "ajv-keywords": {
      "version": "3.2.0",
      "resolved": "https://registry.npm.taobao.org/ajv-keywords/download/ajv-keywords-3.2.0.tgz",
      "integrity": "sha1-6GuBnGAs+IIa1jdBNpjx3sAhhHo="
    },
    "alphanum-sort": {
      "version": "1.0.2",
      "resolved": "http://registry.npm.taobao.org/alphanum-sort/download/alphanum-sort-1.0.2.tgz",
      "integrity": "sha1-l6ERlkmyEa0zaR2fn0hqjsn74KM="
    },
    "ansi-regex": {
      "version": "2.1.1",
      "resolved": "http://registry.npm.taobao.org/ansi-regex/download/ansi-regex-2.1.1.tgz",
      "integrity": "sha1-w7M6te42DYbg5ijwRorn7yfWVN8="
    },
    "ansi-styles": {
      "version": "4.3.0",
      "resolved": "https://registry.npmjs.org/ansi-styles/-/ansi-styles-4.3.0.tgz",
      "integrity": "sha512-zbB9rCJAT1rbjiVDb2hqKFHNYLxgtk8NURxZ3IZwD3F6NtxbXZQCnnSi1Lkx+IDohdPlFp222wVALIheZJQSEg==",
      "requires": {
        "color-convert": "^2.0.1"
      }
    },
    "antlr4": {
      "version": "4.9.0",
      "resolved": "https://registry.npm.taobao.org/antlr4/download/antlr4-4.9.0.tgz",
      "integrity": "sha1-7nedaazHAvXYNtXQKlHHeY9E5SM="
    },
    "chalk": {
      "version": "4.1.0",
      "resolved": "https://registry.npmjs.org/chalk/-/chalk-4.1.0.tgz",
      "integrity": "sha512-qwx12AxXe2Q5xQ43Ac//I6v5aXTipYrSESdOgzrN+9XjgEpyjpKuvSGaN4qE93f7TQTlerQQ8S+EQ0EyDoVL1A==",
      "requires": {
        "ansi-styles": "^4.1.0",
        "supports-color": "^7.1.0"
      }
    },
    "color-convert": {
      "version": "2.0.1",
      "resolved": "https://registry.npmjs.org/color-convert/-/color-convert-2.0.1.tgz",
      "integrity": "sha512-RRECPsj7iu/xb5oKYcsFHSppFNnsj/52OVTRKb4zP5onXwVF3zVmmToNcOfGC+CRDpfK/U584fMg38ZHCaElKQ==",
      "requires": {
        "color-name": "~1.1.4"
      }
    },
    "color-name": {
      "version": "1.1.4",
      "resolved": "https://registry.npmjs.org/color-name/-/color-name-1.1.4.tgz",
      "integrity": "sha512-dOy+3AuW3a2wNbZHIuMZpTcgjGuLU/uBL/ubcZF9OXbDo8ff4O8yVp5Bf0efS8uEoYo5q4Fx7dY9OgQGXgAsQA=="
    },
    "commander": {
      "version": "6.2.0",
      "resolved": "https://registry.npmjs.org/commander/-/commander-6.2.0.tgz",
      "integrity": "sha512-zP4jEKbe8SHzKJYQmq8Y9gYjtO/POJLgIdKgV7B9qNmABVFVc+ctqSX6iXh4mCpJfRBOabiZ2YKPg8ciDw6C+Q=="
    },
    "has-flag": {
      "version": "4.0.0",
      "resolved": "https://registry.npmjs.org/has-flag/-/has-flag-4.0.0.tgz",
      "integrity": "sha512-EykJT/Q1KjTWctppgIAgfSO0tKVuZUjhgMr17kqTumMl6Afv3EISleU7qZUzoXDFTAHTDC4NOoG/ZxU3EvlMPQ=="
    },
    "supports-color": {
      "version": "7.2.0",
      "resolved": "https://registry.npmjs.org/supports-color/-/supports-color-7.2.0.tgz",
      "integrity": "sha512-qpCAvRl9stuOHveKsn7HncJRvv501qIacKzQlO/+Lwxc9+0q2wLyv4Dfvt80/DPn2pqOBsJdDiogXGR9+OvwRw==",
      "requires": {
        "has-flag": "^4.0.0"
      }
    },
    "typescript": {
      "version": "4.0.5",
      "resolved": "https://registry.npm.taobao.org/typescript/download/typescript-4.0.5.tgz?cache=0&sync_timestamp=1606632472852&other_urls=https%3A%2F%2Fregistry.npm.taobao.org%2Ftypescript%2Fdownload%2Ftypescript-4.0.5.tgz",
      "integrity": "sha1-rp3d/RBp8ctb6z7zshcN18EzI4k="
    }
  }
}
