{
  "name": "1c-polyfill",
  "version": "0.0.1",
  "lockfileVersion": 1,
  "dependencies": {
    "@types/chai": {
      "version": "4.1.4",
      "resolved": "http://registry.npm.taobao.org/@types/chai/download/@types/chai-4.1.4.tgz",
      "integrity": "sha1-XKBzszDZC0Bm1s4Y9g1X8ghM6Mo=",
      "dev": true
    },
    "@types/chalk": {
      "version": "0.4.31",
      "resolved": "http://registry.npm.taobao.org/@types/chalk/download/@types/chalk-0.4.31.tgz",
      "integrity": "sha1-ox10JBprHtu5c8822XooloNKUfk=",
      "dev": true
    },
    "ansi-regex": {
      "version": "2.1.1",
      "resolved": "http://registry.npm.taobao.org/ansi-regex/download/ansi-regex-2.1.1.tgz",
      "integrity": "sha1-w7M6te42DYbg5ijwRorn7yfWVN8=",
      "dev": true
    },
    "ansi-styles": {
      "version": "2.2.1",
      "resolved": "http://registry.npm.taobao.org/ansi-styles/download/ansi-styles-2.2.1.tgz",
      "integrity": "sha1-tDLdM1i2NM914eRmQ2gkBTPB3b4=",
      "dev": true
    },
    "assertion-error": {
      "version": "1.1.0",
      "resolved": "http://registry.npm.taobao.org/assertion-error/download/assertion-error-1.1.0.tgz",
      "integrity": "sha1-5gtrDo8wG9l+U3UhW9pAbIURjAs=",
      "dev": true
    },
    "chai": {
      "version": "4.1.2",
      "resolved": "http://registry.npm.taobao.org/chai/download/chai-4.1.2.tgz",
      "integrity": "sha1-D2RYS6ZC8PKs4oBiefTwbKI61zw=",
      "dev": true
    },
    "chalk": {
      "version": "1.1.3",
      "resolved": "http://registry.npm.taobao.org/chalk/download/chalk-1.1.3.tgz",
      "integrity": "sha1-qBFcVeSnAv5NFQq9OHKCKn4J/Jg=",
      "dev": true
    },
    "check-error": {
      "version": "1.0.2",
      "resolved": "http://registry.npm.taobao.org/check-error/download/check-error-1.0.2.tgz",
      "integrity": "sha1-V00xLt2Iu13YkS6Sht1sCu1KrII=",
      "dev": true
    },
    "deep-eql": {
      "version": "3.0.1",
      "resolved": "http://registry.npm.taobao.org/deep-eql/download/deep-eql-3.0.1.tgz",
      "integrity": "sha1-38lARACtHI/gI+faHfHBR8S0RN8=",
      "dev": true
    },
    "escape-string-regexp": {
      "version": "1.0.5",
      "resolved": "http://registry.npm.taobao.org/escape-string-regexp/download/escape-string-regexp-1.0.5.tgz",
      "integrity": "sha1-G2HAViGQqN/2rjuyzwIAyhMLhtQ=",
      "dev": true
    },
    "get-func-name": {
      "version": "2.0.0",
      "resolved": "http://registry.npm.taobao.org/get-func-name/download/get-func-name-2.0.0.tgz",
      "integrity": "sha1-6td0q+5y4gQJQzoGY2YCPdaIekE=",
      "dev": true
    },
    "has-ansi": {
      "version": "2.0.0",
      "resolved": "http://registry.npm.taobao.org/has-ansi/download/has-ansi-2.0.0.tgz",
      "integrity": "sha1-NPUEnOHs3ysGSa8+8k5F7TVBbZE=",
      "dev": true
    },
    "lightest": {
      "version": "0.1.4",
      "resolved": "http://registry.npm.taobao.org/lightest/download/lightest-0.1.4.tgz",
      "integrity": "sha1-U+c0puNoBGJjdG8bGImM6lPiobc=",
      "dev": true
    },
    "pathval": {
      "version": "1.1.0",
      "resolved": "http://registry.npm.taobao.org/pathval/download/pathval-1.1.0.tgz",
      "integrity": "sha1-uULm1L3mUwBe9rcTYd74cn0GReA=",
      "dev": true
    },
    "strip-ansi": {
      "version": "3.0.1",
      "resolved": "http://registry.npm.taobao.org/strip-ansi/download/strip-ansi-3.0.1.tgz",
      "integrity": "sha1-ajhfuIU9lS1f8F0Oiq+UJ43GPc8=",
      "dev": true
    },
    "supports-color": {
      "version": "2.0.0",
      "resolved": "http://registry.npm.taobao.org/supports-color/download/supports-color-2.0.0.tgz",
      "integrity": "sha1-U10EXOa2Nj+kARcIRimZXp3zJMc=",
      "dev": true
    },
    "type-detect": {
      "version": "4.0.8",
      "resolved": "http://registry.npm.taobao.org/type-detect/download/type-detect-4.0.8.tgz",
      "integrity": "sha1-dkb7XxiHHPu3dJ5pvTmmOI63RQw=",
      "dev": true
    }
  }
}
